// !$*UTF8*$!
{
	archiveVersion = 1;
	classes = {
	};
	objectVersion = 50;
	objects = {

/* Begin PBXBuildFile section */
		499976062643899E002ED7C5 /* AppDelegate.swift in Sources */ = {isa = PBXBuildFile; fileRef = 499976052643899E002ED7C5 /* AppDelegate.swift */; };
		499976082643899E002ED7C5 /* SceneDelegate.swift in Sources */ = {isa = PBXBuildFile; fileRef = 499976072643899E002ED7C5 /* SceneDelegate.swift */; };
		4999760A2643899E002ED7C5 /* EmojiMemoryGameView.swift in Sources */ = {isa = PBXBuildFile; fileRef = 499976092643899E002ED7C5 /* EmojiMemoryGameView.swift */; };
		4999760C264389A0002ED7C5 /* Assets.xcassets in Resources */ = {isa = PBXBuildFile; fileRef = 4999760B264389A0002ED7C5 /* Assets.xcassets */; };
		4999760F264389A0002ED7C5 /* Preview Assets.xcassets in Resources */ = {isa = PBXBuildFile; fileRef = 4999760E264389A0002ED7C5 /* Preview Assets.xcassets */; };
		49997612264389A0002ED7C5 /* LaunchScreen.storyboard in Resources */ = {isa = PBXBuildFile; fileRef = 49997610264389A0002ED7C5 /* LaunchScreen.storyboard */; };
		4999761D264389A0002ED7C5 /* MemorizeTests.swift in Sources */ = {isa = PBXBuildFile; fileRef = 4999761C264389A0002ED7C5 /* MemorizeTests.swift */; };
		49997628264389A0002ED7C5 /* MemorizeUITests.swift in Sources */ = {isa = PBXBuildFile; fileRef = 49997627264389A0002ED7C5 /* MemorizeUITests.swift */; };
		49F101D62648D8EB009C9653 /* MemoryGame.swift in Sources */ = {isa = PBXBuildFile; fileRef = 49F101D52648D8EB009C9653 /* MemoryGame.swift */; };
		49F101D82648DBC2009C9653 /* EmojiMemoryGame.swift in Sources */ = {isa = PBXBuildFile; fileRef = 49F101D72648DBC2009C9653 /* EmojiMemoryGame.swift */; };
/* End PBXBuildFile section */

/* Begin PBXContainerItemProxy section */
		49997619264389A0002ED7C5 /* PBXContainerItemProxy */ = {
			isa = PBXContainerItemProxy;
			containerPortal = 499975FA2643899E002ED7C5 /* Project object */;
			proxyType = 1;
			remoteGlobalIDString = 499976012643899E002ED7C5;
			remoteInfo = Memorize;
		};
		49997624264389A0002ED7C5 /* PBXContainerItemProxy */ = {
			isa = PBXContainerItemProxy;
			containerPortal = 499975FA2643899E002ED7C5 /* Project object */;
			proxyType = 1;
			remoteGlobalIDString = 499976012643899E002ED7C5;
			remoteInfo = Memorize;
		};
/* End PBXContainerItemProxy section */

/* Begin PBXFileReference section */
		499976022643899E002ED7C5 /* Memorize.app */ = {isa = PBXFileReference; explicitFileType = wrapper.application; includeInIndex = 0; path = Memorize.app; sourceTree = BUILT_PRODUCTS_DIR; };
		499976052643899E002ED7C5 /* AppDelegate.swift */ = {isa = PBXFileReference; lastKnownFileType = sourcecode.swift; path = AppDelegate.swift; sourceTree = "<group>"; };
		499976072643899E002ED7C5 /* SceneDelegate.swift */ = {isa = PBXFileReference; lastKnownFileType = sourcecode.swift; path = SceneDelegate.swift; sourceTree = "<group>"; };
		499976092643899E002ED7C5 /* EmojiMemoryGameView.swift */ = {isa = PBXFileReference; lastKnownFileType = sourcecode.swift; path = EmojiMemoryGameView.swift; sourceTree = "<group>"; };
		4999760B264389A0002ED7C5 /* Assets.xcassets */ = {isa = PBXFileReference; lastKnownFileType = folder.assetcatalog; path = Assets.xcassets; sourceTree = "<group>"; };
		4999760E264389A0002ED7C5 /* Preview Assets.xcassets */ = {isa = PBXFileReference; lastKnownFileType = folder.assetcatalog; path = "Preview Assets.xcassets"; sourceTree = "<group>"; };
		49997611264389A0002ED7C5 /* Base */ = {isa = PBXFileReference; lastKnownFileType = file.storyboard; name = Base; path = Base.lproj/LaunchScreen.storyboard; sourceTree = "<group>"; };
		49997613264389A0002ED7C5 /* Info.plist */ = {isa = PBXFileReference; lastKnownFileType = text.plist.xml; path = Info.plist; sourceTree = "<group>"; };
		49997618264389A0002ED7C5 /* MemorizeTests.xctest */ = {isa = PBXFileReference; explicitFileType = wrapper.cfbundle; includeInIndex = 0; path = MemorizeTests.xctest; sourceTree = BUILT_PRODUCTS_DIR; };
		4999761C264389A0002ED7C5 /* MemorizeTests.swift */ = {isa = PBXFileReference; lastKnownFileType = sourcecode.swift; path = MemorizeTests.swift; sourceTree = "<group>"; };
		4999761E264389A0002ED7C5 /* Info.plist */ = {isa = PBXFileReference; lastKnownFileType = text.plist.xml; path = Info.plist; sourceTree = "<group>"; };
		49997623264389A0002ED7C5 /* MemorizeUITests.xctest */ = {isa = PBXFileReference; explicitFileType = wrapper.cfbundle; includeInIndex = 0; path = MemorizeUITests.xctest; sourceTree = BUILT_PRODUCTS_DIR; };
		49997627264389A0002ED7C5 /* MemorizeUITests.swift */ = {isa = PBXFileReference; lastKnownFileType = sourcecode.swift; path = MemorizeUITests.swift; sourceTree = "<group>"; };
		49997629264389A0002ED7C5 /* Info.plist */ = {isa = PBXFileReference; lastKnownFileType = text.plist.xml; path = Info.plist; sourceTree = "<group>"; };
		49F101D52648D8EB009C9653 /* MemoryGame.swift */ = {isa = PBXFileReference; lastKnownFileType = sourcecode.swift; path = MemoryGame.swift; sourceTree = "<group>"; };
		49F101D72648DBC2009C9653 /* EmojiMemoryGame.swift */ = {isa = PBXFileReference; lastKnownFileType = sourcecode.swift; path = EmojiMemoryGame.swift; sourceTree = "<group>"; };
/* End PBXFileReference section */

/* Begin PBXFrameworksBuildPhase section */
		499975FF2643899E002ED7C5 /* Frameworks */ = {
			isa = PBXFrameworksBuildPhase;
			buildActionMask = 2147483647;
			files = (
			);
			runOnlyForDeploymentPostprocessing = 0;
		};
		49997615264389A0002ED7C5 /* Frameworks */ = {
			isa = PBXFrameworksBuildPhase;
			buildActionMask = 2147483647;
			files = (
			);
			runOnlyForDeploymentPostprocessing = 0;
		};
		49997620264389A0002ED7C5 /* Frameworks */ = {
			isa = PBXFrameworksBuildPhase;
			buildActionMask = 2147483647;
			files = (
			);
			runOnlyForDeploymentPostprocessing = 0;
		};
/* End PBXFrameworksBuildPhase section */

/* Begin PBXGroup section */
		499975F92643899E002ED7C5 = {
			isa = PBXGroup;
			children = (
				499976042643899E002ED7C5 /* Memorize */,
				4999761B264389A0002ED7C5 /* MemorizeTests */,
				49997626264389A0002ED7C5 /* MemorizeUITests */,
				499976032643899E002ED7C5 /* Products */,
			);
			sourceTree = "<group>";
		};
		499976032643899E002ED7C5 /* Products */ = {
			isa = PBXGroup;
			children = (
				499976022643899E002ED7C5 /* Memorize.app */,
				49997618264389A0002ED7C5 /* MemorizeTests.xctest */,
				49997623264389A0002ED7C5 /* MemorizeUITests.xctest */,
			);
			name = Products;
			sourceTree = "<group>";
		};
		499976042643899E002ED7C5 /* Memorize */ = {
			isa = PBXGroup;
			children = (
				499976052643899E002ED7C5 /* AppDelegate.swift */,
				499976072643899E002ED7C5 /* SceneDelegate.swift */,
				499976092643899E002ED7C5 /* EmojiMemoryGameView.swift */,
				4999760B264389A0002ED7C5 /* Assets.xcassets */,
				49997610264389A0002ED7C5 /* LaunchScreen.storyboard */,
				49997613264389A0002ED7C5 /* Info.plist */,
				4999760D264389A0002ED7C5 /* Preview Content */,
				49F101D52648D8EB009C9653 /* MemoryGame.swift */,
				49F101D72648DBC2009C9653 /* EmojiMemoryGame.swift */,
			);
			path = Memorize;
			sourceTree = "<group>";
		};
		4999760D264389A0002ED7C5 /* Preview Content */ = {
			isa = PBXGroup;
			children = (
				4999760E264389A0002ED7C5 /* Preview Assets.xcassets */,
			);
			path = "Preview Content";
			sourceTree = "<group>";
		};
		4999761B264389A0002ED7C5 /* MemorizeTests */ = {
			isa = PBXGroup;
			children = (
				4999761C264389A0002ED7C5 /* MemorizeTests.swift */,
				4999761E264389A0002ED7C5 /* Info.plist */,
			);
			path = MemorizeTests;
			sourceTree = "<group>";
		};
		49997626264389A0002ED7C5 /* MemorizeUITests */ = {
			isa = PBXGroup;
			children = (
				49997627264389A0002ED7C5 /* MemorizeUITests.swift */,
				49997629264389A0002ED7C5 /* Info.plist */,
			);
			path = MemorizeUITests;
			sourceTree = "<group>";
		};
/* End PBXGroup section */

/* Begin PBXNativeTarget section */
		499976012643899E002ED7C5 /* Memorize */ = {
			isa = PBXNativeTarget;
			buildConfigurationList = 4999762C264389A0002ED7C5 /* Build configuration list for PBXNativeTarget "Memorize" */;
			buildPhases = (
				499975FE2643899E002ED7C5 /* Sources */,
				499975FF2643899E002ED7C5 /* Frameworks */,
				499976002643899E002ED7C5 /* Resources */,
			);
			buildRules = (
			);
			dependencies = (
			);
			name = Memorize;
			productName = Memorize;
			productReference = 499976022643899E002ED7C5 /* Memorize.app */;
			productType = "com.apple.product-type.application";
		};
		49997617264389A0002ED7C5 /* MemorizeTests */ = {
			isa = PBXNativeTarget;
			buildConfigurationList = 4999762F264389A0002ED7C5 /* Build configuration list for PBXNativeTarget "MemorizeTests" */;
			buildPhases = (
				49997614264389A0002ED7C5 /* Sources */,
				49997615264389A0002ED7C5 /* Frameworks */,
				49997616264389A0002ED7C5 /* Resources */,
			);
			buildRules = (
			);
			dependencies = (
				4999761A264389A0002ED7C5 /* PBXTargetDependency */,
			);
			name = MemorizeTests;
			productName = MemorizeTests;
			productReference = 49997618264389A0002ED7C5 /* MemorizeTests.xctest */;
			productType = "com.apple.product-type.bundle.unit-test";
		};
		49997622264389A0002ED7C5 /* MemorizeUITests */ = {
			isa = PBXNativeTarget;
			buildConfigurationList = 49997632264389A0002ED7C5 /* Build configuration list for PBXNativeTarget "MemorizeUITests" */;
			buildPhases = (
				4999761F264389A0002ED7C5 /* Sources */,
				49997620264389A0002ED7C5 /* Frameworks */,
				49997621264389A0002ED7C5 /* Resources */,
			);
			buildRules = (
			);
			dependencies = (
				49997625264389A0002ED7C5 /* PBXTargetDependency */,
			);
			name = MemorizeUITests;
			productName = MemorizeUITests;
			productReference = 49997623264389A0002ED7C5 /* MemorizeUITests.xctest */;
			productType = "com.apple.product-type.bundle.ui-testing";
		};
/* End PBXNativeTarget section */

/* Begin PBXProject section */
		499975FA2643899E002ED7C5 /* Project object */ = {
			isa = PBXProject;
			attributes = {
				LastSwiftUpdateCheck = 1140;
				LastUpgradeCheck = 1140;
				ORGANIZATIONNAME = seintsan;
				TargetAttributes = {
					499976012643899E002ED7C5 = {
						CreatedOnToolsVersion = 11.4.1;
					};
					49997617264389A0002ED7C5 = {
						CreatedOnToolsVersion = 11.4.1;
						TestTargetID = 499976012643899E002ED7C5;
					};
					49997622264389A0002ED7C5 = {
						CreatedOnToolsVersion = 11.4.1;
						TestTargetID = 499976012643899E002ED7C5;
					};
				};
			};
			buildConfigurationList = 499975FD2643899E002ED7C5 /* Build configuration list for PBXProject "Memorize" */;
			compatibilityVersion = "Xcode 9.3";
			developmentRegion = en;
			hasScannedForEncodings = 0;
			knownRegions = (
				en,
				Base,
			);
			mainGroup = 499975F92643899E002ED7C5;
			productRefGroup = 499976032643899E002ED7C5 /* Products */;
			projectDirPath = "";
			projectRoot = "";
			targets = (
				499976012643899E002ED7C5 /* Memorize */,
				49997617264389A0002ED7C5 /* MemorizeTests */,
				49997622264389A0002ED7C5 /* MemorizeUITests */,
			);
		};
/* End PBXProject section */

/* Begin PBXResourcesBuildPhase section */
		499976002643899E002ED7C5 /* Resources */ = {
			isa = PBXResourcesBuildPhase;
			buildActionMask = 2147483647;
			files = (
				49997612264389A0002ED7C5 /* LaunchScreen.storyboard in Resources */,
				4999760F264389A0002ED7C5 /* Preview Assets.xcassets in Resources */,
				4999760C264389A0002ED7C5 /* Assets.xcassets in Resources */,
			);
			runOnlyForDeploymentPostprocessing = 0;
		};
		49997616264389A0002ED7C5 /* Resources */ = {
			isa = PBXResourcesBuildPhase;
			buildActionMask = 2147483647;
			files = (
			);
			runOnlyForDeploymentPostprocessing = 0;
		};
		49997621264389A0002ED7C5 /* Resources */ = {
			isa = PBXResourcesBuildPhase;
			buildActionMask = 2147483647;
			files = (
			);
			runOnlyForDeploymentPostprocessing = 0;
		};
/* End PBXResourcesBuildPhase section */

/* Begin PBXSourcesBuildPhase section */
		499975FE2643899E002ED7C5 /* Sources */ = {
			isa = PBXSourcesBuildPhase;
			buildActionMask = 2147483647;
			files = (
				499976062643899E002ED7C5 /* AppDelegate.swift in Sources */,
				499976082643899E002ED7C5 /* SceneDelegate.swift in Sources */,
				49F101D62648D8EB009C9653 /* MemoryGame.swift in Sources */,
				4999760A2643899E002ED7C5 /* EmojiMemoryGameView.swift in Sources */,
				49F101D82648DBC2009C9653 /* EmojiMemoryGame.swift in Sources */,
			);
			runOnlyForDeploymentPostprocessing = 0;
		};
		49997614264389A0002ED7C5 /* Sources */ = {
			isa = PBXSourcesBuildPhase;
			buildActionMask = 2147483647;
			files = (
				4999761D264389A0002ED7C5 /* MemorizeTests.swift in Sources */,
			);
			runOnlyForDeploymentPostprocessing = 0;
		};
		4999761F264389A0002ED7C5 /* Sources */ = {
			isa = PBXSourcesBuildPhase;
			buildActionMask = 2147483647;
			files = (
				49997628264389A0002ED7C5 /* MemorizeUITests.swift in Sources */,
			);
			runOnlyForDeploymentPostprocessing = 0;
		};
/* End PBXSourcesBuildPhase section */

/* Begin PBXTargetDependency section */
		4999761A264389A0002ED7C5 /* PBXTargetDependency */ = {
			isa = PBXTargetDependency;
			target = 499976012643899E002ED7C5 /* Memorize */;
			targetProxy = 49997619264389A0002ED7C5 /* PBXContainerItemProxy */;
		};
		49997625264389A0002ED7C5 /* PBXTargetDependency */ = {
			isa = PBXTargetDependency;
			target = 499976012643899E002ED7C5 /* Memorize */;
			targetProxy = 49997624264389A0002ED7C5 /* PBXContainerItemProxy */;
		};
/* End PBXTargetDependency section */

/* Begin PBXVariantGroup section */
		49997610264389A0002ED7C5 /* LaunchScreen.storyboard */ = {
			isa = PBXVariantGroup;
			children = (
				49997611264389A0002ED7C5 /* Base */,
			);
			name = LaunchScreen.storyboard;
			sourceTree = "<group>";
		};
/* End PBXVariantGroup section */

/* Begin XCBuildConfiguration section */
		4999762A264389A0002ED7C5 /* Debug */ = {
			isa = XCBuildConfiguration;
			buildSettings = {
				ALWAYS_SEARCH_USER_PATHS = NO;
				CLANG_ANALYZER_NONNULL = YES;
				CLANG_ANALYZER_NUMBER_OBJECT_CONVERSION = YES_AGGRESSIVE;
				CLANG_CXX_LANGUAGE_STANDARD = "gnu++14";
				CLANG_CXX_LIBRARY = "libc++";
				CLANG_ENABLE_MODULES = YES;
				CLANG_ENABLE_OBJC_ARC = YES;
				CLANG_ENABLE_OBJC_WEAK = YES;
				CLANG_WARN_BLOCK_CAPTURE_AUTORELEASING = YES;
				CLANG_WARN_BOOL_CONVERSION = YES;
				CLANG_WARN_COMMA = YES;
				CLANG_WARN_CONSTANT_CONVERSION = YES;
				CLANG_WARN_DEPRECATED_OBJC_IMPLEMENTATIONS = YES;
				CLANG_WARN_DIRECT_OBJC_ISA_USAGE = YES_ERROR;
				CLANG_WARN_DOCUMENTATION_COMMENTS = YES;
				CLANG_WARN_EMPTY_BODY = YES;
				CLANG_WARN_ENUM_CONVERSION = YES;
				CLANG_WARN_INFINITE_RECURSION = YES;
				CLANG_WARN_INT_CONVERSION = YES;
				CLANG_WARN_NON_LITERAL_NULL_CONVERSION = YES;
				CLANG_WARN_OBJC_IMPLICIT_RETAIN_SELF = YES;
				CLANG_WARN_OBJC_LITERAL_CONVERSION = YES;
				CLANG_WARN_OBJC_ROOT_CLASS = YES_ERROR;
				CLANG_WARN_RANGE_LOOP_ANALYSIS = YES;
				CLANG_WARN_STRICT_PROTOTYPES = YES;
				CLANG_WARN_SUSPICIOUS_MOVE = YES;
				CLANG_WARN_UNGUARDED_AVAILABILITY = YES_AGGRESSIVE;
				CLANG_WARN_UNREACHABLE_CODE = YES;
				CLANG_WARN__DUPLICATE_METHOD_MATCH = YES;
				COPY_PHASE_STRIP = NO;
				DEBUG_INFORMATION_FORMAT = dwarf;
				ENABLE_STRICT_OBJC_MSGSEND = YES;
				ENABLE_TESTABILITY = YES;
				GCC_C_LANGUAGE_STANDARD = gnu11;
				GCC_DYNAMIC_NO_PIC = NO;
				GCC_NO_COMMON_BLOCKS = YES;
				GCC_OPTIMIZATION_LEVEL = 0;
				GCC_PREPROCESSOR_DEFINITIONS = (
					"DEBUG=1",
					"$(inherited)",
				);
				GCC_WARN_64_TO_32_BIT_CONVERSION = YES;
				GCC_WARN_ABOUT_RETURN_TYPE = YES_ERROR;
				GCC_WARN_UNDECLARED_SELECTOR = YES;
				GCC_WARN_UNINITIALIZED_AUTOS = YES_AGGRESSIVE;
				GCC_WARN_UNUSED_FUNCTION = YES;
				GCC_WARN_UNUSED_VARIABLE = YES;
				IPHONEOS_DEPLOYMENT_TARGET = 13.4;
				MTL_ENABLE_DEBUG_INFO = INCLUDE_SOURCE;
				MTL_FAST_MATH = YES;
				ONLY_ACTIVE_ARCH = YES;
				SDKROOT = iphoneos;
				SWIFT_ACTIVE_COMPILATION_CONDITIONS = DEBUG;
				SWIFT_OPTIMIZATION_LEVEL = "-Onone";
			};
			name = Debug;
		};
		4999762B264389A0002ED7C5 /* Release */ = {
			isa = XCBuildConfiguration;
			buildSettings = {
				ALWAYS_SEARCH_USER_PATHS = NO;
				CLANG_ANALYZER_NONNULL = YES;
				CLANG_ANALYZER_NUMBER_OBJECT_CONVERSION = YES_AGGRESSIVE;
				CLANG_CXX_LANGUAGE_STANDARD = "gnu++14";
				CLANG_CXX_LIBRARY = "libc++";
				CLANG_ENABLE_MODULES = YES;
				CLANG_ENABLE_OBJC_ARC = YES;
				CLANG_ENABLE_OBJC_WEAK = YES;
				CLANG_WARN_BLOCK_CAPTURE_AUTORELEASING = YES;
				CLANG_WARN_BOOL_CONVERSION = YES;
				CLANG_WARN_COMMA = YES;
				CLANG_WARN_CONSTANT_CONVERSION = YES;
				CLANG_WARN_DEPRECATED_OBJC_IMPLEMENTATIONS = YES;
				CLANG_WARN_DIRECT_OBJC_ISA_USAGE = YES_ERROR;
				CLANG_WARN_DOCUMENTATION_COMMENTS = YES;
				CLANG_WARN_EMPTY_BODY = YES;
				CLANG_WARN_ENUM_CONVERSION = YES;
				CLANG_WARN_INFINITE_RECURSION = YES;
				CLANG_WARN_INT_CONVERSION = YES;
				CLANG_WARN_NON_LITERAL_NULL_CONVERSION = YES;
				CLANG_WARN_OBJC_IMPLICIT_RETAIN_SELF = YES;
				CLANG_WARN_OBJC_LITERAL_CONVERSION = YES;
				CLANG_WARN_OBJC_ROOT_CLASS = YES_ERROR;
				CLANG_WARN_RANGE_LOOP_ANALYSIS = YES;
				CLANG_WARN_STRICT_PROTOTYPES = YES;
				CLANG_WARN_SUSPICIOUS_MOVE = YES;
				CLANG_WARN_UNGUARDED_AVAILABILITY = YES_AGGRESSIVE;
				CLANG_WARN_UNREACHABLE_CODE = YES;
				CLANG_WARN__DUPLICATE_METHOD_MATCH = YES;
				COPY_PHASE_STRIP = NO;
				DEBUG_INFORMATION_FORMAT = "dwarf-with-dsym";
				ENABLE_NS_ASSERTIONS = NO;
				ENABLE_STRICT_OBJC_MSGSEND = YES;
				GCC_C_LANGUAGE_STANDARD = gnu11;
				GCC_NO_COMMON_BLOCKS = YES;
				GCC_WARN_64_TO_32_BIT_CONVERSION = YES;
				GCC_WARN_ABOUT_RETURN_TYPE = YES_ERROR;
				GCC_WARN_UNDECLARED_SELECTOR = YES;
				GCC_WARN_UNINITIALIZED_AUTOS = YES_AGGRESSIVE;
				GCC_WARN_UNUSED_FUNCTION = YES;
				GCC_WARN_UNUSED_VARIABLE = YES;
				IPHONEOS_DEPLOYMENT_TARGET = 13.4;
				MTL_ENABLE_DEBUG_INFO = NO;
				MTL_FAST_MATH = YES;
				SDKROOT = iphoneos;
				SWIFT_COMPILATION_MODE = wholemodule;
				SWIFT_OPTIMIZATION_LEVEL = "-O";
				VALIDATE_PRODUCT = YES;
			};
			name = Release;
		};
		4999762D264389A0002ED7C5 /* Debug */ = {
			isa = XCBuildConfiguration;
			buildSettings = {
				ASSETCATALOG_COMPILER_APPICON_NAME = AppIcon;
				CODE_SIGN_STYLE = Automatic;
				DEVELOPMENT_ASSET_PATHS = "\"Memorize/Preview Content\"";
				ENABLE_PREVIEWS = YES;
				INFOPLIST_FILE = Memorize/Info.plist;
				LD_RUNPATH_SEARCH_PATHS = (
					"$(inherited)",
					"@executable_path/Frameworks",
				);
				PRODUCT_BUNDLE_IDENTIFIER = com.seint.Memorize;
				PRODUCT_NAME = "$(TARGET_NAME)";
				SWIFT_VERSION = 5.0;
				TARGETED_DEVICE_FAMILY = "1,2";
			};
			name = Debug;
		};
		4999762E264389A0002ED7C5 /* Release */ = {
			isa = XCBuildConfiguration;
			buildSettings = {
				ASSETCATALOG_COMPILER_APPICON_NAME = AppIcon;
				CODE_SIGN_STYLE = Automatic;
				DEVELOPMENT_ASSET_PATHS = "\"Memorize/Preview Content\"";
				ENABLE_PREVIEWS = YES;
				INFOPLIST_FILE = Memorize/Info.plist;
				LD_RUNPATH_SEARCH_PATHS = (
					"$(inherited)",
					"@executable_path/Frameworks",
				);
				PRODUCT_BUNDLE_IDENTIFIER = com.seint.Memorize;
				PRODUCT_NAME = "$(TARGET_NAME)";
				SWIFT_VERSION = 5.0;
				TARGETED_DEVICE_FAMILY = "1,2";
			};
			name = Release;
		};
		49997630264389A0002ED7C5 /* Debug */ = {
			isa = XCBuildConfiguration;
			buildSettings = {
				ALWAYS_EMBED_SWIFT_STANDARD_LIBRARIES = YES;
				BUNDLE_LOADER = "$(TEST_HOST)";
				CODE_SIGN_STYLE = Automatic;
				INFOPLIST_FILE = MemorizeTests/Info.plist;
				IPHONEOS_DEPLOYMENT_TARGET = 13.4;
				LD_RUNPATH_SEARCH_PATHS = (
					"$(inherited)",
					"@executable_path/Frameworks",
					"@loader_path/Frameworks",
				);
				PRODUCT_BUNDLE_IDENTIFIER = com.seint.MemorizeTests;
				PRODUCT_NAME = "$(TARGET_NAME)";
				SWIFT_VERSION = 5.0;
				TARGETED_DEVICE_FAMILY = "1,2";
				TEST_HOST = "$(BUILT_PRODUCTS_DIR)/Memorize.app/Memorize";
			};
			name = Debug;
		};
		49997631264389A0002ED7C5 /* Release */ = {
			isa = XCBuildConfiguration;
			buildSettings = {
				ALWAYS_EMBED_SWIFT_STANDARD_LIBRARIES = YES;
				BUNDLE_LOADER = "$(TEST_HOST)";
				CODE_SIGN_STYLE = Automatic;
				INFOPLIST_FILE = MemorizeTests/Info.plist;
				IPHONEOS_DEPLOYMENT_TARGET = 13.4;
				LD_RUNPATH_SEARCH_PATHS = (
					"$(inherited)",
					"@executable_path/Frameworks",
					"@loader_path/Frameworks",
				);
				PRODUCT_BUNDLE_IDENTIFIER = com.seint.MemorizeTests;
				PRODUCT_NAME = "$(TARGET_NAME)";
				SWIFT_VERSION = 5.0;
				TARGETED_DEVICE_FAMILY = "1,2";
				TEST_HOST = "$(BUILT_PRODUCTS_DIR)/Memorize.app/Memorize";
			};
			name = Release;
		};
		49997633264389A0002ED7C5 /* Debug */ = {
			isa = XCBuildConfiguration;
			buildSettings = {
				ALWAYS_EMBED_SWIFT_STANDARD_LIBRARIES = YES;
				CODE_SIGN_STYLE = Automatic;
				INFOPLIST_FILE = MemorizeUITests/Info.plist;
				LD_RUNPATH_SEARCH_PATHS = (
					"$(inherited)",
					"@executable_path/Frameworks",
					"@loader_path/Frameworks",
				);
				PRODUCT_BUNDLE_IDENTIFIER = com.seint.MemorizeUITests;
				PRODUCT_NAME = "$(TARGET_NAME)";
				SWIFT_VERSION = 5.0;
				TARGETED_DEVICE_FAMILY = "1,2";
				TEST_TARGET_NAME = Memorize;
			};
			name = Debug;
		};
		49997634264389A0002ED7C5 /* Release */ = {
			isa = XCBuildConfiguration;
			buildSettings = {
				ALWAYS_EMBED_SWIFT_STANDARD_LIBRARIES = YES;
				CODE_SIGN_STYLE = Automatic;
				INFOPLIST_FILE = MemorizeUITests/Info.plist;
				LD_RUNPATH_SEARCH_PATHS = (
					"$(inherited)",
					"@executable_path/Frameworks",
					"@loader_path/Frameworks",
				);
				PRODUCT_BUNDLE_IDENTIFIER = com.seint.MemorizeUITests;
				PRODUCT_NAME = "$(TARGET_NAME)";
				SWIFT_VERSION = 5.0;
				TARGETED_DEVICE_FAMILY = "1,2";
				TEST_TARGET_NAME = Memorize;
			};
			name = Release;
		};
/* End XCBuildConfiguration section */

/* Begin XCConfigurationList section */
		499975FD2643899E002ED7C5 /* Build configuration list for PBXProject "Memorize" */ = {
			isa = XCConfigurationList;
			buildConfigurations = (
				4999762A264389A0002ED7C5 /* Debug */,
				4999762B264389A0002ED7C5 /* Release */,
			);
			defaultConfigurationIsVisible = 0;
			defaultConfigurationName = Release;
		};
		4999762C264389A0002ED7C5 /* Build configuration list for PBXNativeTarget "Memorize" */ = {
			isa = XCConfigurationList;
			buildConfigurations = (
				4999762D264389A0002ED7C5 /* Debug */,
				4999762E264389A0002ED7C5 /* Release */,
			);
			defaultConfigurationIsVisible = 0;
			defaultConfigurationName = Release;
		};
		4999762F264389A0002ED7C5 /* Build configuration list for PBXNativeTarget "MemorizeTests" */ = {
			isa = XCConfigurationList;
			buildConfigurations = (
				49997630264389A0002ED7C5 /* Debug */,
				49997631264389A0002ED7C5 /* Release */,
			);
			defaultConfigurationIsVisible = 0;
			defaultConfigurationName = Release;
		};
		49997632264389A0002ED7C5 /* Build configuration list for PBXNativeTarget "MemorizeUITests" */ = {
			isa = XCConfigurationList;
			buildConfigurations = (
				49997633264389A0002ED7C5 /* Debug */,
				49997634264389A0002ED7C5 /* Release */,
			);
			defaultConfigurationIsVisible = 0;
			defaultConfigurationName = Release;
		};
/* End XCConfigurationList section */
	};
	rootObject = 499975FA2643899E002ED7C5 /* Project object */;
}
